// !$*UTF8*$!
{
	archiveVersion = 1;
	classes = {
	};
	objectVersion = 55;
	objects = {

/* Begin PBXBuildFile section */
		172707F9283F1E7500E6322D /* AppDelegate.swift in Sources */ = {isa = PBXBuildFile; fileRef = 172707F8283F1E7500E6322D /* AppDelegate.swift */; };
		172707FB283F1E7500E6322D /* SceneDelegate.swift in Sources */ = {isa = PBXBuildFile; fileRef = 172707FA283F1E7500E6322D /* SceneDelegate.swift */; };
		17270800283F1E7500E6322D /* Main.storyboard in Resources */ = {isa = PBXBuildFile; fileRef = 172707FE283F1E7500E6322D /* Main.storyboard */; };
		17270802283F1E7600E6322D /* Assets.xcassets in Resources */ = {isa = PBXBuildFile; fileRef = 17270801283F1E7600E6322D /* Assets.xcassets */; };
		17270805283F1E7600E6322D /* LaunchScreen.storyboard in Resources */ = {isa = PBXBuildFile; fileRef = 17270803283F1E7600E6322D /* LaunchScreen.storyboard */; };
		17270810283F1E7700E6322D /* CalculatorTests.swift in Sources */ = {isa = PBXBuildFile; fileRef = 1727080F283F1E7700E6322D /* CalculatorTests.swift */; };
		1727081A283F1E7700E6322D /* CalculatorUITests.swift in Sources */ = {isa = PBXBuildFile; fileRef = 17270819283F1E7700E6322D /* CalculatorUITests.swift */; };
		1727081C283F1E7700E6322D /* CalculatorUITestsLaunchTests.swift in Sources */ = {isa = PBXBuildFile; fileRef = 1727081B283F1E7700E6322D /* CalculatorUITestsLaunchTests.swift */; };
		17270829283F585400E6322D /* CalculateViewController.swift in Sources */ = {isa = PBXBuildFile; fileRef = 17270828283F585400E6322D /* CalculateViewController.swift */; };
		17FB62D028411D0700537FBF /* DoubleEntension.swift in Sources */ = {isa = PBXBuildFile; fileRef = 17FB62CF28411D0700537FBF /* DoubleEntension.swift */; };
/* End PBXBuildFile section */

/* Begin PBXContainerItemProxy section */
		1727080C283F1E7700E6322D /* PBXContainerItemProxy */ = {
			isa = PBXContainerItemProxy;
			containerPortal = 172707ED283F1E7500E6322D /* Project object */;
			proxyType = 1;
			remoteGlobalIDString = 172707F4283F1E7500E6322D;
			remoteInfo = Calculator;
		};
		17270816283F1E7700E6322D /* PBXContainerItemProxy */ = {
			isa = PBXContainerItemProxy;
			containerPortal = 172707ED283F1E7500E6322D /* Project object */;
			proxyType = 1;
			remoteGlobalIDString = 172707F4283F1E7500E6322D;
			remoteInfo = Calculator;
		};
/* End PBXContainerItemProxy section */

/* Begin PBXFileReference section */
		172707F5283F1E7500E6322D /* Calculator.app */ = {isa = PBXFileReference; explicitFileType = wrapper.application; includeInIndex = 0; path = Calculator.app; sourceTree = BUILT_PRODUCTS_DIR; };
		172707F8283F1E7500E6322D /* AppDelegate.swift */ = {isa = PBXFileReference; lastKnownFileType = sourcecode.swift; path = AppDelegate.swift; sourceTree = "<group>"; };
		172707FA283F1E7500E6322D /* SceneDelegate.swift */ = {isa = PBXFileReference; lastKnownFileType = sourcecode.swift; path = SceneDelegate.swift; sourceTree = "<group>"; };
		172707FF283F1E7500E6322D /* Base */ = {isa = PBXFileReference; lastKnownFileType = file.storyboard; name = Base; path = Base.lproj/Main.storyboard; sourceTree = "<group>"; };
		17270801283F1E7600E6322D /* Assets.xcassets */ = {isa = PBXFileReference; lastKnownFileType = folder.assetcatalog; path = Assets.xcassets; sourceTree = "<group>"; };
		17270804283F1E7600E6322D /* Base */ = {isa = PBXFileReference; lastKnownFileType = file.storyboard; name = Base; path = Base.lproj/LaunchScreen.storyboard; sourceTree = "<group>"; };
		17270806283F1E7600E6322D /* Info.plist */ = {isa = PBXFileReference; lastKnownFileType = text.plist.xml; path = Info.plist; sourceTree = "<group>"; };
		1727080B283F1E7700E6322D /* CalculatorTests.xctest */ = {isa = PBXFileReference; explicitFileType = wrapper.cfbundle; includeInIndex = 0; path = CalculatorTests.xctest; sourceTree = BUILT_PRODUCTS_DIR; };
		1727080F283F1E7700E6322D /* CalculatorTests.swift */ = {isa = PBXFileReference; lastKnownFileType = sourcecode.swift; path = CalculatorTests.swift; sourceTree = "<group>"; };
		17270815283F1E7700E6322D /* CalculatorUITests.xctest */ = {isa = PBXFileReference; explicitFileType = wrapper.cfbundle; includeInIndex = 0; path = CalculatorUITests.xctest; sourceTree = BUILT_PRODUCTS_DIR; };
		17270819283F1E7700E6322D /* CalculatorUITests.swift */ = {isa = PBXFileReference; lastKnownFileType = sourcecode.swift; path = CalculatorUITests.swift; sourceTree = "<group>"; };
		1727081B283F1E7700E6322D /* CalculatorUITestsLaunchTests.swift */ = {isa = PBXFileReference; lastKnownFileType = sourcecode.swift; path = CalculatorUITestsLaunchTests.swift; sourceTree = "<group>"; };
		17270828283F585400E6322D /* CalculateViewController.swift */ = {isa = PBXFileReference; lastKnownFileType = sourcecode.swift; path = CalculateViewController.swift; sourceTree = "<group>"; };
		17FB62CF28411D0700537FBF /* DoubleEntension.swift */ = {isa = PBXFileReference; lastKnownFileType = sourcecode.swift; path = DoubleEntension.swift; sourceTree = "<group>"; };
/* End PBXFileReference section */

/* Begin PBXFrameworksBuildPhase section */
		172707F2283F1E7500E6322D /* Frameworks */ = {
			isa = PBXFrameworksBuildPhase;
			buildActionMask = 2147483647;
			files = (
			);
			runOnlyForDeploymentPostprocessing = 0;
		};
		17270808283F1E7700E6322D /* Frameworks */ = {
			isa = PBXFrameworksBuildPhase;
			buildActionMask = 2147483647;
			files = (
			);
			runOnlyForDeploymentPostprocessing = 0;
		};
		17270812283F1E7700E6322D /* Frameworks */ = {
			isa = PBXFrameworksBuildPhase;
			buildActionMask = 2147483647;
			files = (
			);
			runOnlyForDeploymentPostprocessing = 0;
		};
/* End PBXFrameworksBuildPhase section */

/* Begin PBXGroup section */
		172707EC283F1E7500E6322D = {
			isa = PBXGroup;
			children = (
				172707F7283F1E7500E6322D /* Calculator */,
				1727080E283F1E7700E6322D /* CalculatorTests */,
				17270818283F1E7700E6322D /* CalculatorUITests */,
				172707F6283F1E7500E6322D /* Products */,
			);
			sourceTree = "<group>";
		};
		172707F6283F1E7500E6322D /* Products */ = {
			isa = PBXGroup;
			children = (
				172707F5283F1E7500E6322D /* Calculator.app */,
				1727080B283F1E7700E6322D /* CalculatorTests.xctest */,
				17270815283F1E7700E6322D /* CalculatorUITests.xctest */,
			);
			name = Products;
			sourceTree = "<group>";
		};
		172707F7283F1E7500E6322D /* Calculator */ = {
			isa = PBXGroup;
			children = (
				172707F8283F1E7500E6322D /* AppDelegate.swift */,
				172707FA283F1E7500E6322D /* SceneDelegate.swift */,
				172707FE283F1E7500E6322D /* Main.storyboard */,
				17270828283F585400E6322D /* CalculateViewController.swift */,
				17FB62CF28411D0700537FBF /* DoubleEntension.swift */,
				17270801283F1E7600E6322D /* Assets.xcassets */,
				17270803283F1E7600E6322D /* LaunchScreen.storyboard */,
				17270806283F1E7600E6322D /* Info.plist */,
			);
			path = Calculator;
			sourceTree = "<group>";
		};
		1727080E283F1E7700E6322D /* CalculatorTests */ = {
			isa = PBXGroup;
			children = (
				1727080F283F1E7700E6322D /* CalculatorTests.swift */,
			);
			path = CalculatorTests;
			sourceTree = "<group>";
		};
		17270818283F1E7700E6322D /* CalculatorUITests */ = {
			isa = PBXGroup;
			children = (
				17270819283F1E7700E6322D /* CalculatorUITests.swift */,
				1727081B283F1E7700E6322D /* CalculatorUITestsLaunchTests.swift */,
			);
			path = CalculatorUITests;
			sourceTree = "<group>";
		};
/* End PBXGroup section */

/* Begin PBXNativeTarget section */
		172707F4283F1E7500E6322D /* Calculator */ = {
			isa = PBXNativeTarget;
			buildConfigurationList = 1727081F283F1E7700E6322D /* Build configuration list for PBXNativeTarget "Calculator" */;
			buildPhases = (
				172707F1283F1E7500E6322D /* Sources */,
				172707F2283F1E7500E6322D /* Frameworks */,
				172707F3283F1E7500E6322D /* Resources */,
			);
			buildRules = (
			);
			dependencies = (
			);
			name = Calculator;
			productName = Calculator;
			productReference = 172707F5283F1E7500E6322D /* Calculator.app */;
			productType = "com.apple.product-type.application";
		};
		1727080A283F1E7700E6322D /* CalculatorTests */ = {
			isa = PBXNativeTarget;
			buildConfigurationList = 17270822283F1E7700E6322D /* Build configuration list for PBXNativeTarget "CalculatorTests" */;
			buildPhases = (
				17270807283F1E7700E6322D /* Sources */,
				17270808283F1E7700E6322D /* Frameworks */,
				17270809283F1E7700E6322D /* Resources */,
			);
			buildRules = (
			);
			dependencies = (
				1727080D283F1E7700E6322D /* PBXTargetDependency */,
			);
			name = CalculatorTests;
			productName = CalculatorTests;
			productReference = 1727080B283F1E7700E6322D /* CalculatorTests.xctest */;
			productType = "com.apple.product-type.bundle.unit-test";
		};
		17270814283F1E7700E6322D /* CalculatorUITests */ = {
			isa = PBXNativeTarget;
			buildConfigurationList = 17270825283F1E7700E6322D /* Build configuration list for PBXNativeTarget "CalculatorUITests" */;
			buildPhases = (
				17270811283F1E7700E6322D /* Sources */,
				17270812283F1E7700E6322D /* Frameworks */,
				17270813283F1E7700E6322D /* Resources */,
			);
			buildRules = (
			);
			dependencies = (
				17270817283F1E7700E6322D /* PBXTargetDependency */,
			);
			name = CalculatorUITests;
			productName = CalculatorUITests;
			productReference = 17270815283F1E7700E6322D /* CalculatorUITests.xctest */;
			productType = "com.apple.product-type.bundle.ui-testing";
		};
/* End PBXNativeTarget section */

/* Begin PBXProject section */
		172707ED283F1E7500E6322D /* Project object */ = {
			isa = PBXProject;
			attributes = {
				BuildIndependentTargetsInParallel = 1;
				LastSwiftUpdateCheck = 1340;
				LastUpgradeCheck = 1340;
				TargetAttributes = {
					172707F4283F1E7500E6322D = {
						CreatedOnToolsVersion = 13.4;
					};
					1727080A283F1E7700E6322D = {
						CreatedOnToolsVersion = 13.4;
						TestTargetID = 172707F4283F1E7500E6322D;
					};
					17270814283F1E7700E6322D = {
						CreatedOnToolsVersion = 13.4;
						TestTargetID = 172707F4283F1E7500E6322D;
					};
				};
			};
			buildConfigurationList = 172707F0283F1E7500E6322D /* Build configuration list for PBXProject "Calculator" */;
			compatibilityVersion = "Xcode 13.0";
			developmentRegion = en;
			hasScannedForEncodings = 0;
			knownRegions = (
				en,
				Base,
			);
			mainGroup = 172707EC283F1E7500E6322D;
			productRefGroup = 172707F6283F1E7500E6322D /* Products */;
			projectDirPath = "";
			projectRoot = "";
			targets = (
				172707F4283F1E7500E6322D /* Calculator */,
				1727080A283F1E7700E6322D /* CalculatorTests */,
				17270814283F1E7700E6322D /* CalculatorUITests */,
			);
		};
/* End PBXProject section */

/* Begin PBXResourcesBuildPhase section */
		172707F3283F1E7500E6322D /* Resources */ = {
			isa = PBXResourcesBuildPhase;
			buildActionMask = 2147483647;
			files = (
				17270805283F1E7600E6322D /* LaunchScreen.storyboard in Resources */,
				17270802283F1E7600E6322D /* Assets.xcassets in Resources */,
				17270800283F1E7500E6322D /* Main.storyboard in Resources */,
			);
			runOnlyForDeploymentPostprocessing = 0;
		};
		17270809283F1E7700E6322D /* Resources */ = {
			isa = PBXResourcesBuildPhase;
			buildActionMask = 2147483647;
			files = (
			);
			runOnlyForDeploymentPostprocessing = 0;
		};
		17270813283F1E7700E6322D /* Resources */ = {
			isa = PBXResourcesBuildPhase;
			buildActionMask = 2147483647;
			files = (
			);
			runOnlyForDeploymentPostprocessing = 0;
		};
/* End PBXResourcesBuildPhase section */

/* Begin PBXSourcesBuildPhase section */
		172707F1283F1E7500E6322D /* Sources */ = {
			isa = PBXSourcesBuildPhase;
			buildActionMask = 2147483647;
			files = (
				172707F9283F1E7500E6322D /* AppDelegate.swift in Sources */,
				172707FB283F1E7500E6322D /* SceneDelegate.swift in Sources */,
				17FB62D028411D0700537FBF /* DoubleEntension.swift in Sources */,
				17270829283F585400E6322D /* CalculateViewController.swift in Sources */,
			);
			runOnlyForDeploymentPostprocessing = 0;
		};
		17270807283F1E7700E6322D /* Sources */ = {
			isa = PBXSourcesBuildPhase;
			buildActionMask = 2147483647;
			files = (
				17270810283F1E7700E6322D /* CalculatorTests.swift in Sources */,
			);
			runOnlyForDeploymentPostprocessing = 0;
		};
		17270811283F1E7700E6322D /* Sources */ = {
			isa = PBXSourcesBuildPhase;
			buildActionMask = 2147483647;
			files = (
				1727081C283F1E7700E6322D /* CalculatorUITestsLaunchTests.swift in Sources */,
				1727081A283F1E7700E6322D /* CalculatorUITests.swift in Sources */,
			);
			runOnlyForDeploymentPostprocessing = 0;
		};
/* End PBXSourcesBuildPhase section */

/* Begin PBXTargetDependency section */
		1727080D283F1E7700E6322D /* PBXTargetDependency */ = {
			isa = PBXTargetDependency;
			target = 172707F4283F1E7500E6322D /* Calculator */;
			targetProxy = 1727080C283F1E7700E6322D /* PBXContainerItemProxy */;
		};
		17270817283F1E7700E6322D /* PBXTargetDependency */ = {
			isa = PBXTargetDependency;
			target = 172707F4283F1E7500E6322D /* Calculator */;
			targetProxy = 17270816283F1E7700E6322D /* PBXContainerItemProxy */;
		};
/* End PBXTargetDependency section */

/* Begin PBXVariantGroup section */
		172707FE283F1E7500E6322D /* Main.storyboard */ = {
			isa = PBXVariantGroup;
			children = (
				172707FF283F1E7500E6322D /* Base */,
			);
			name = Main.storyboard;
			sourceTree = "<group>";
		};
		17270803283F1E7600E6322D /* LaunchScreen.storyboard */ = {
			isa = PBXVariantGroup;
			children = (
				17270804283F1E7600E6322D /* Base */,
			);
			name = LaunchScreen.storyboard;
			sourceTree = "<group>";
		};
/* End PBXVariantGroup section */

/* Begin XCBuildConfiguration section */
		1727081D283F1E7700E6322D /* Debug */ = {
			isa = XCBuildConfiguration;
			buildSettings = {
				ALWAYS_SEARCH_USER_PATHS = NO;
				CLANG_ANALYZER_NONNULL = YES;
				CLANG_ANALYZER_NUMBER_OBJECT_CONVERSION = YES_AGGRESSIVE;
				CLANG_CXX_LANGUAGE_STANDARD = "gnu++17";
				CLANG_ENABLE_MODULES = YES;
				CLANG_ENABLE_OBJC_ARC = YES;
				CLANG_ENABLE_OBJC_WEAK = YES;
				CLANG_WARN_BLOCK_CAPTURE_AUTORELEASING = YES;
				CLANG_WARN_BOOL_CONVERSION = YES;
				CLANG_WARN_COMMA = YES;
				CLANG_WARN_CONSTANT_CONVERSION = YES;
				CLANG_WARN_DEPRECATED_OBJC_IMPLEMENTATIONS = YES;
				CLANG_WARN_DIRECT_OBJC_ISA_USAGE = YES_ERROR;
				CLANG_WARN_DOCUMENTATION_COMMENTS = YES;
				CLANG_WARN_EMPTY_BODY = YES;
				CLANG_WARN_ENUM_CONVERSION = YES;
				CLANG_WARN_INFINITE_RECURSION = YES;
				CLANG_WARN_INT_CONVERSION = YES;
				CLANG_WARN_NON_LITERAL_NULL_CONVERSION = YES;
				CLANG_WARN_OBJC_IMPLICIT_RETAIN_SELF = YES;
				CLANG_WARN_OBJC_LITERAL_CONVERSION = YES;
				CLANG_WARN_OBJC_ROOT_CLASS = YES_ERROR;
				CLANG_WARN_QUOTED_INCLUDE_IN_FRAMEWORK_HEADER = YES;
				CLANG_WARN_RANGE_LOOP_ANALYSIS = YES;
				CLANG_WARN_STRICT_PROTOTYPES = YES;
				CLANG_WARN_SUSPICIOUS_MOVE = YES;
				CLANG_WARN_UNGUARDED_AVAILABILITY = YES_AGGRESSIVE;
				CLANG_WARN_UNREACHABLE_CODE = YES;
				CLANG_WARN__DUPLICATE_METHOD_MATCH = YES;
				COPY_PHASE_STRIP = NO;
				DEBUG_INFORMATION_FORMAT = dwarf;
				ENABLE_STRICT_OBJC_MSGSEND = YES;
				ENABLE_TESTABILITY = YES;
				GCC_C_LANGUAGE_STANDARD = gnu11;
				GCC_DYNAMIC_NO_PIC = NO;
				GCC_NO_COMMON_BLOCKS = YES;
				GCC_OPTIMIZATION_LEVEL = 0;
				GCC_PREPROCESSOR_DEFINITIONS = (
					"DEBUG=1",
					"$(inherited)",
				);
				GCC_WARN_64_TO_32_BIT_CONVERSION = YES;
				GCC_WARN_ABOUT_RETURN_TYPE = YES_ERROR;
				GCC_WARN_UNDECLARED_SELECTOR = YES;
				GCC_WARN_UNINITIALIZED_AUTOS = YES_AGGRESSIVE;
				GCC_WARN_UNUSED_FUNCTION = YES;
				GCC_WARN_UNUSED_VARIABLE = YES;
				IPHONEOS_DEPLOYMENT_TARGET = 15.5;
				MTL_ENABLE_DEBUG_INFO = INCLUDE_SOURCE;
				MTL_FAST_MATH = YES;
				ONLY_ACTIVE_ARCH = YES;
				SDKROOT = iphoneos;
				SWIFT_ACTIVE_COMPILATION_CONDITIONS = DEBUG;
				SWIFT_OPTIMIZATION_LEVEL = "-Onone";
			};
			name = Debug;
		};
		1727081E283F1E7700E6322D /* Release */ = {
			isa = XCBuildConfiguration;
			buildSettings = {
				ALWAYS_SEARCH_USER_PATHS = NO;
				CLANG_ANALYZER_NONNULL = YES;
				CLANG_ANALYZER_NUMBER_OBJECT_CONVERSION = YES_AGGRESSIVE;
				CLANG_CXX_LANGUAGE_STANDARD = "gnu++17";
				CLANG_ENABLE_MODULES = YES;
				CLANG_ENABLE_OBJC_ARC = YES;
				CLANG_ENABLE_OBJC_WEAK = YES;
				CLANG_WARN_BLOCK_CAPTURE_AUTORELEASING = YES;
				CLANG_WARN_BOOL_CONVERSION = YES;
				CLANG_WARN_COMMA = YES;
				CLANG_WARN_CONSTANT_CONVERSION = YES;
				CLANG_WARN_DEPRECATED_OBJC_IMPLEMENTATIONS = YES;
				CLANG_WARN_DIRECT_OBJC_ISA_USAGE = YES_ERROR;
				CLANG_WARN_DOCUMENTATION_COMMENTS = YES;
				CLANG_WARN_EMPTY_BODY = YES;
				CLANG_WARN_ENUM_CONVERSION = YES;
				CLANG_WARN_INFINITE_RECURSION = YES;
				CLANG_WARN_INT_CONVERSION = YES;
				CLANG_WARN_NON_LITERAL_NULL_CONVERSION = YES;
				CLANG_WARN_OBJC_IMPLICIT_RETAIN_SELF = YES;
				CLANG_WARN_OBJC_LITERAL_CONVERSION = YES;
				CLANG_WARN_OBJC_ROOT_CLASS = YES_ERROR;
				CLANG_WARN_QUOTED_INCLUDE_IN_FRAMEWORK_HEADER = YES;
				CLANG_WARN_RANGE_LOOP_ANALYSIS = YES;
				CLANG_WARN_STRICT_PROTOTYPES = YES;
				CLANG_WARN_SUSPICIOUS_MOVE = YES;
				CLANG_WARN_UNGUARDED_AVAILABILITY = YES_AGGRESSIVE;
				CLANG_WARN_UNREACHABLE_CODE = YES;
				CLANG_WARN__DUPLICATE_METHOD_MATCH = YES;
				COPY_PHASE_STRIP = NO;
				DEBUG_INFORMATION_FORMAT = "dwarf-with-dsym";
				ENABLE_NS_ASSERTIONS = NO;
				ENABLE_STRICT_OBJC_MSGSEND = YES;
				GCC_C_LANGUAGE_STANDARD = gnu11;
				GCC_NO_COMMON_BLOCKS = YES;
				GCC_WARN_64_TO_32_BIT_CONVERSION = YES;
				GCC_WARN_ABOUT_RETURN_TYPE = YES_ERROR;
				GCC_WARN_UNDECLARED_SELECTOR = YES;
				GCC_WARN_UNINITIALIZED_AUTOS = YES_AGGRESSIVE;
				GCC_WARN_UNUSED_FUNCTION = YES;
				GCC_WARN_UNUSED_VARIABLE = YES;
				IPHONEOS_DEPLOYMENT_TARGET = 15.5;
				MTL_ENABLE_DEBUG_INFO = NO;
				MTL_FAST_MATH = YES;
				SDKROOT = iphoneos;
				SWIFT_COMPILATION_MODE = wholemodule;
				SWIFT_OPTIMIZATION_LEVEL = "-O";
				VALIDATE_PRODUCT = YES;
			};
			name = Release;
		};
		17270820283F1E7700E6322D /* Debug */ = {
			isa = XCBuildConfiguration;
			buildSettings = {
				ASSETCATALOG_COMPILER_APPICON_NAME = AppIcon;
				ASSETCATALOG_COMPILER_GLOBAL_ACCENT_COLOR_NAME = AccentColor;
				CODE_SIGN_STYLE = Automatic;
				CURRENT_PROJECT_VERSION = 1;
				DEVELOPMENT_TEAM = B58WWRW5W2;
				GENERATE_INFOPLIST_FILE = YES;
				INFOPLIST_FILE = Calculator/Info.plist;
				INFOPLIST_KEY_UIApplicationSupportsIndirectInputEvents = YES;
				INFOPLIST_KEY_UILaunchStoryboardName = LaunchScreen;
				INFOPLIST_KEY_UIMainStoryboardFile = Main;
				INFOPLIST_KEY_UISupportedInterfaceOrientations_iPad = "UIInterfaceOrientationPortrait UIInterfaceOrientationPortraitUpsideDown UIInterfaceOrientationLandscapeLeft UIInterfaceOrientationLandscapeRight";
				INFOPLIST_KEY_UISupportedInterfaceOrientations_iPhone = "UIInterfaceOrientationPortrait UIInterfaceOrientationLandscapeLeft UIInterfaceOrientationLandscapeRight";
				LD_RUNPATH_SEARCH_PATHS = (
					"$(inherited)",
					"@executable_path/Frameworks",
				);
				MARKETING_VERSION = 1.0;
				PRODUCT_BUNDLE_IDENTIFIER = smirkiiiv.Calculator;
				PRODUCT_NAME = "$(TARGET_NAME)";
				SWIFT_EMIT_LOC_STRINGS = YES;
				SWIFT_VERSION = 5.0;
				TARGETED_DEVICE_FAMILY = "1,2";
			};
			name = Debug;
		};
		17270821283F1E7700E6322D /* Release */ = {
			isa = XCBuildConfiguration;
			buildSettings = {
				ASSETCATALOG_COMPILER_APPICON_NAME = AppIcon;
				ASSETCATALOG_COMPILER_GLOBAL_ACCENT_COLOR_NAME = AccentColor;
				CODE_SIGN_STYLE = Automatic;
				CURRENT_PROJECT_VERSION = 1;
				DEVELOPMENT_TEAM = B58WWRW5W2;
				GENERATE_INFOPLIST_FILE = YES;
				INFOPLIST_FILE = Calculator/Info.plist;
				INFOPLIST_KEY_UIApplicationSupportsIndirectInputEvents = YES;
				INFOPLIST_KEY_UILaunchStoryboardName = LaunchScreen;
				INFOPLIST_KEY_UIMainStoryboardFile = Main;
				INFOPLIST_KEY_UISupportedInterfaceOrientations_iPad = "UIInterfaceOrientationPortrait UIInterfaceOrientationPortraitUpsideDown UIInterfaceOrientationLandscapeLeft UIInterfaceOrientationLandscapeRight";
				INFOPLIST_KEY_UISupportedInterfaceOrientations_iPhone = "UIInterfaceOrientationPortrait UIInterfaceOrientationLandscapeLeft UIInterfaceOrientationLandscapeRight";
				LD_RUNPATH_SEARCH_PATHS = (
					"$(inherited)",
					"@executable_path/Frameworks",
				);
				MARKETING_VERSION = 1.0;
				PRODUCT_BUNDLE_IDENTIFIER = smirkiiiv.Calculator;
				PRODUCT_NAME = "$(TARGET_NAME)";
				SWIFT_EMIT_LOC_STRINGS = YES;
				SWIFT_VERSION = 5.0;
				TARGETED_DEVICE_FAMILY = "1,2";
			};
			name = Release;
		};
		17270823283F1E7700E6322D /* Debug */ = {
			isa = XCBuildConfiguration;
			buildSettings = {
				ALWAYS_EMBED_SWIFT_STANDARD_LIBRARIES = YES;
				BUNDLE_LOADER = "$(TEST_HOST)";
				CODE_SIGN_STYLE = Automatic;
				CURRENT_PROJECT_VERSION = 1;
				DEVELOPMENT_TEAM = B58WWRW5W2;
				GENERATE_INFOPLIST_FILE = YES;
				IPHONEOS_DEPLOYMENT_TARGET = 15.5;
				MARKETING_VERSION = 1.0;
				PRODUCT_BUNDLE_IDENTIFIER = smirkiiiv.CalculatorTests;
				PRODUCT_NAME = "$(TARGET_NAME)";
				SWIFT_EMIT_LOC_STRINGS = NO;
				SWIFT_VERSION = 5.0;
				TARGETED_DEVICE_FAMILY = "1,2";
				TEST_HOST = "$(BUILT_PRODUCTS_DIR)/Calculator.app/Calculator";
			};
			name = Debug;
		};
		17270824283F1E7700E6322D /* Release */ = {
			isa = XCBuildConfiguration;
			buildSettings = {
				ALWAYS_EMBED_SWIFT_STANDARD_LIBRARIES = YES;
				BUNDLE_LOADER = "$(TEST_HOST)";
				CODE_SIGN_STYLE = Automatic;
				CURRENT_PROJECT_VERSION = 1;
				DEVELOPMENT_TEAM = B58WWRW5W2;
				GENERATE_INFOPLIST_FILE = YES;
				IPHONEOS_DEPLOYMENT_TARGET = 15.5;
				MARKETING_VERSION = 1.0;
				PRODUCT_BUNDLE_IDENTIFIER = smirkiiiv.CalculatorTests;
				PRODUCT_NAME = "$(TARGET_NAME)";
				SWIFT_EMIT_LOC_STRINGS = NO;
				SWIFT_VERSION = 5.0;
				TARGETED_DEVICE_FAMILY = "1,2";
				TEST_HOST = "$(BUILT_PRODUCTS_DIR)/Calculator.app/Calculator";
			};
			name = Release;
		};
		17270826283F1E7700E6322D /* Debug */ = {
			isa = XCBuildConfiguration;
			buildSettings = {
				ALWAYS_EMBED_SWIFT_STANDARD_LIBRARIES = YES;
				CODE_SIGN_STYLE = Automatic;
				CURRENT_PROJECT_VERSION = 1;
				DEVELOPMENT_TEAM = B58WWRW5W2;
				GENERATE_INFOPLIST_FILE = YES;
				MARKETING_VERSION = 1.0;
				PRODUCT_BUNDLE_IDENTIFIER = smirkiiiv.CalculatorUITests;
				PRODUCT_NAME = "$(TARGET_NAME)";
				SWIFT_EMIT_LOC_STRINGS = NO;
				SWIFT_VERSION = 5.0;
				TARGETED_DEVICE_FAMILY = "1,2";
				TEST_TARGET_NAME = Calculator;
			};
			name = Debug;
		};
		17270827283F1E7700E6322D /* Release */ = {
			isa = XCBuildConfiguration;
			buildSettings = {
				ALWAYS_EMBED_SWIFT_STANDARD_LIBRARIES = YES;
				CODE_SIGN_STYLE = Automatic;
				CURRENT_PROJECT_VERSION = 1;
				DEVELOPMENT_TEAM = B58WWRW5W2;
				GENERATE_INFOPLIST_FILE = YES;
				MARKETING_VERSION = 1.0;
				PRODUCT_BUNDLE_IDENTIFIER = smirkiiiv.CalculatorUITests;
				PRODUCT_NAME = "$(TARGET_NAME)";
				SWIFT_EMIT_LOC_STRINGS = NO;
				SWIFT_VERSION = 5.0;
				TARGETED_DEVICE_FAMILY = "1,2";
				TEST_TARGET_NAME = Calculator;
			};
			name = Release;
		};
/* End XCBuildConfiguration section */

/* Begin XCConfigurationList section */
		172707F0283F1E7500E6322D /* Build configuration list for PBXProject "Calculator" */ = {
			isa = XCConfigurationList;
			buildConfigurations = (
				1727081D283F1E7700E6322D /* Debug */,
				1727081E283F1E7700E6322D /* Release */,
			);
			defaultConfigurationIsVisible = 0;
			defaultConfigurationName = Release;
		};
		1727081F283F1E7700E6322D /* Build configuration list for PBXNativeTarget "Calculator" */ = {
			isa = XCConfigurationList;
			buildConfigurations = (
				17270820283F1E7700E6322D /* Debug */,
				17270821283F1E7700E6322D /* Release */,
			);
			defaultConfigurationIsVisible = 0;
			defaultConfigurationName = Release;
		};
		17270822283F1E7700E6322D /* Build configuration list for PBXNativeTarget "CalculatorTests" */ = {
			isa = XCConfigurationList;
			buildConfigurations = (
				17270823283F1E7700E6322D /* Debug */,
				17270824283F1E7700E6322D /* Release */,
			);
			defaultConfigurationIsVisible = 0;
			defaultConfigurationName = Release;
		};
		17270825283F1E7700E6322D /* Build configuration list for PBXNativeTarget "CalculatorUITests" */ = {
			isa = XCConfigurationList;
			buildConfigurations = (
				17270826283F1E7700E6322D /* Debug */,
				17270827283F1E7700E6322D /* Release */,
			);
			defaultConfigurationIsVisible = 0;
			defaultConfigurationName = Release;
		};
/* End XCConfigurationList section */
	};
	rootObject = 172707ED283F1E7500E6322D /* Project object */;
}
